
Microsoft Visual Studio Solution File, Format Version 12.00
# Visual Studio Version 16
VisualStudioVersion = 16.0.30907.101
MinimumVisualStudioVersion = 10.0.40219.1
Project("{2150E333-8FDC-42A3-9474-1A3956D46DE8}") = "Services", "Services", "{1E7D9B7B-473F-4F75-B3A7-3D474A78FAE2}"
EndProject
Project("{2150E333-8FDC-42A3-9474-1A3956D46DE8}") = "AuthoringService", "AuthoringService", "{4DB6F374-1782-471A-A29F-5F3086535D37}"
EndProject
Project("{2150E333-8FDC-42A3-9474-1A3956D46DE8}") = "UserService", "UserService", "{B486453F-B336-4FC8-A9D5-4C8A443FC5E2}"
EndProject
Project("{9A19103F-16F7-4668-BE54-9A1E7A4F7556}") = "CA.Services.UserService.Domain", "Services\UserService\Domain\CA.Services.UserService.Domain.csproj", "{F39DF76A-437A-422E-99C6-F29D21057027}"
EndProject
Project("{9A19103F-16F7-4668-BE54-9A1E7A4F7556}") = "CA.Services.UserService.Infrastructure", "Services\UserService\Infrastructure\CA.Services.UserService.Infrastructure.csproj", "{60E72E0A-D465-4C9B-B12D-BE0550CB2B21}"
EndProject
Project("{9A19103F-16F7-4668-BE54-9A1E7A4F7556}") = "CA.Services.UserService.API", "Services\UserService\API\CA.Services.UserService.API.csproj", "{FB40E5A5-0753-444D-85BD-60767B2E8638}"
EndProject
Project("{9A19103F-16F7-4668-BE54-9A1E7A4F7556}") = "CA.Services.UserService.Tests", "Services\UserService\Tests\CA.Services.UserService.Tests.csproj", "{27C59B4A-72D8-455F-B0FC-EFB3414439F7}"
EndProject
Project("{2150E333-8FDC-42A3-9474-1A3956D46DE8}") = "AuthorizationService", "AuthorizationService", "{2D7E5581-67C4-4FB1-AAB0-1CD0E69A74D3}"
EndProject
Project("{2150E333-8FDC-42A3-9474-1A3956D46DE8}") = "RemarkService", "RemarkService", "{D7132B16-B094-4742-9EE0-ACDC4AFD6AA5}"
EndProject
Project("{9A19103F-16F7-4668-BE54-9A1E7A4F7556}") = "CA.Services.RemarkService.API", "Services\RemarkService\API\CA.Services.RemarkService.API.csproj", "{8AA12B02-DE5C-4069-B914-734C81ECE993}"
EndProject
Project("{9A19103F-16F7-4668-BE54-9A1E7A4F7556}") = "CA.Services.RemarkService.Domain", "Services\RemarkService\Domain\CA.Services.RemarkService.Domain.csproj", "{3B92EDD7-1467-428A-8F29-2E64CB495879}"
EndProject
Project("{9A19103F-16F7-4668-BE54-9A1E7A4F7556}") = "CA.Services.RemarkService.Infrastructure", "Services\RemarkService\Infrastructure\CA.Services.RemarkService.Infrastructure.csproj", "{A43338FE-AA4D-4086-BF01-0E7216B175F5}"
EndProject
Project("{9A19103F-16F7-4668-BE54-9A1E7A4F7556}") = "CA.Services.RemarkService.Tests", "Services\RemarkService\Tests\CA.Services.RemarkService.Tests.csproj", "{90EE5F51-5329-44A7-8C4C-5737E1B64DF5}"
EndProject
Project("{9A19103F-16F7-4668-BE54-9A1E7A4F7556}") = "CA.Services.AuthorizationService.Tests", "Services\AuthorizationService\Tests\CA.Services.AuthorizationService.Tests.csproj", "{A4981F0A-9D63-4761-97C4-B8F78CE2A1C6}"
EndProject
Project("{9A19103F-16F7-4668-BE54-9A1E7A4F7556}") = "CA.Services.AuthorizationService.Infrastructure", "Services\AuthorizationService\Infrastructure\CA.Services.AuthorizationService.Infrastructure.csproj", "{BFF64348-BB36-4E2A-B19E-77D33F76D3EF}"
EndProject
Project("{9A19103F-16F7-4668-BE54-9A1E7A4F7556}") = "CA.Services.AuthorizationService.Domain", "Services\AuthorizationService\Domain\CA.Services.AuthorizationService.Domain.csproj", "{83049EF4-439B-476F-9FDB-5314375FE5DF}"
EndProject
Project("{9A19103F-16F7-4668-BE54-9A1E7A4F7556}") = "CA.Services.AuthorizationService.API", "Services\AuthorizationService\API\CA.Services.AuthorizationService.API.csproj", "{45E9E2AC-762F-462D-9B60-670345D75FDF}"
EndProject
Project("{9A19103F-16F7-4668-BE54-9A1E7A4F7556}") = "CA.Services.AuthoringService.Tests", "Services\AuthoringService\Tests\CA.Services.AuthoringService.Tests.csproj", "{BE4E5E08-079A-4690-AF3C-5113D388AE92}"
EndProject
Project("{9A19103F-16F7-4668-BE54-9A1E7A4F7556}") = "CA.Services.AuthoringService.Infrastructure", "Services\AuthoringService\Infrastructure\CA.Services.AuthoringService.Infrastructure.csproj", "{FAE48B74-3C6A-462F-9053-1A65FD363EC8}"
EndProject
Project("{9A19103F-16F7-4668-BE54-9A1E7A4F7556}") = "CA.Services.AuthoringService.Domain", "Services\AuthoringService\Domain\CA.Services.AuthoringService.Domain.csproj", "{C78C9572-F085-419B-BFE8-FEDE7797DACC}"
EndProject
Project("{9A19103F-16F7-4668-BE54-9A1E7A4F7556}") = "CA.Services.AuthoringService.API", "Services\AuthoringService\API\CA.Services.AuthoringService.API.csproj", "{30DD12DC-9328-40A7-9B04-9E38B724B47E}"
EndProject
Global
	GlobalSection(SolutionConfigurationPlatforms) = preSolution
		Debug|Any CPU = Debug|Any CPU
		Release|Any CPU = Release|Any CPU
	EndGlobalSection
	GlobalSection(ProjectConfigurationPlatforms) = postSolution
		{F39DF76A-437A-422E-99C6-F29D21057027}.Debug|Any CPU.ActiveCfg = Debug|Any CPU
		{F39DF76A-437A-422E-99C6-F29D21057027}.Debug|Any CPU.Build.0 = Debug|Any CPU
		{F39DF76A-437A-422E-99C6-F29D21057027}.Release|Any CPU.ActiveCfg = Release|Any CPU
		{F39DF76A-437A-422E-99C6-F29D21057027}.Release|Any CPU.Build.0 = Release|Any CPU
		{60E72E0A-D465-4C9B-B12D-BE0550CB2B21}.Debug|Any CPU.ActiveCfg = Debug|Any CPU
		{60E72E0A-D465-4C9B-B12D-BE0550CB2B21}.Debug|Any CPU.Build.0 = Debug|Any CPU
		{60E72E0A-D465-4C9B-B12D-BE0550CB2B21}.Release|Any CPU.ActiveCfg = Release|Any CPU
		{60E72E0A-D465-4C9B-B12D-BE0550CB2B21}.Release|Any CPU.Build.0 = Release|Any CPU
		{FB40E5A5-0753-444D-85BD-60767B2E8638}.Debug|Any CPU.ActiveCfg = Debug|Any CPU
		{FB40E5A5-0753-444D-85BD-60767B2E8638}.Debug|Any CPU.Build.0 = Debug|Any CPU
		{FB40E5A5-0753-444D-85BD-60767B2E8638}.Release|Any CPU.ActiveCfg = Release|Any CPU
		{FB40E5A5-0753-444D-85BD-60767B2E8638}.Release|Any CPU.Build.0 = Release|Any CPU
		{27C59B4A-72D8-455F-B0FC-EFB3414439F7}.Debug|Any CPU.ActiveCfg = Debug|Any CPU
		{27C59B4A-72D8-455F-B0FC-EFB3414439F7}.Debug|Any CPU.Build.0 = Debug|Any CPU
		{27C59B4A-72D8-455F-B0FC-EFB3414439F7}.Release|Any CPU.ActiveCfg = Release|Any CPU
		{27C59B4A-72D8-455F-B0FC-EFB3414439F7}.Release|Any CPU.Build.0 = Release|Any CPU
		{8AA12B02-DE5C-4069-B914-734C81ECE993}.Debug|Any CPU.ActiveCfg = Debug|Any CPU
		{8AA12B02-DE5C-4069-B914-734C81ECE993}.Debug|Any CPU.Build.0 = Debug|Any CPU
		{8AA12B02-DE5C-4069-B914-734C81ECE993}.Release|Any CPU.ActiveCfg = Release|Any CPU
		{8AA12B02-DE5C-4069-B914-734C81ECE993}.Release|Any CPU.Build.0 = Release|Any CPU
		{3B92EDD7-1467-428A-8F29-2E64CB495879}.Debug|Any CPU.ActiveCfg = Debug|Any CPU
		{3B92EDD7-1467-428A-8F29-2E64CB495879}.Debug|Any CPU.Build.0 = Debug|Any CPU
		{3B92EDD7-1467-428A-8F29-2E64CB495879}.Release|Any CPU.ActiveCfg = Release|Any CPU
		{3B92EDD7-1467-428A-8F29-2E64CB495879}.Release|Any CPU.Build.0 = Release|Any CPU
		{A43338FE-AA4D-4086-BF01-0E7216B175F5}.Debug|Any CPU.ActiveCfg = Debug|Any CPU
		{A43338FE-AA4D-4086-BF01-0E7216B175F5}.Debug|Any CPU.Build.0 = Debug|Any CPU
		{A43338FE-AA4D-4086-BF01-0E7216B175F5}.Release|Any CPU.ActiveCfg = Release|Any CPU
		{A43338FE-AA4D-4086-BF01-0E7216B175F5}.Release|Any CPU.Build.0 = Release|Any CPU
		{90EE5F51-5329-44A7-8C4C-5737E1B64DF5}.Debug|Any CPU.ActiveCfg = Debug|Any CPU
		{90EE5F51-5329-44A7-8C4C-5737E1B64DF5}.Debug|Any CPU.Build.0 = Debug|Any CPU
		{90EE5F51-5329-44A7-8C4C-5737E1B64DF5}.Release|Any CPU.ActiveCfg = Release|Any CPU
		{90EE5F51-5329-44A7-8C4C-5737E1B64DF5}.Release|Any CPU.Build.0 = Release|Any CPU
		{A4981F0A-9D63-4761-97C4-B8F78CE2A1C6}.Debug|Any CPU.ActiveCfg = Debug|Any CPU
		{A4981F0A-9D63-4761-97C4-B8F78CE2A1C6}.Debug|Any CPU.Build.0 = Debug|Any CPU
		{A4981F0A-9D63-4761-97C4-B8F78CE2A1C6}.Release|Any CPU.ActiveCfg = Release|Any CPU
		{A4981F0A-9D63-4761-97C4-B8F78CE2A1C6}.Release|Any CPU.Build.0 = Release|Any CPU
		{BFF64348-BB36-4E2A-B19E-77D33F76D3EF}.Debug|Any CPU.ActiveCfg = Debug|Any CPU
		{BFF64348-BB36-4E2A-B19E-77D33F76D3EF}.Debug|Any CPU.Build.0 = Debug|Any CPU
		{BFF64348-BB36-4E2A-B19E-77D33F76D3EF}.Release|Any CPU.ActiveCfg = Release|Any CPU
		{BFF64348-BB36-4E2A-B19E-77D33F76D3EF}.Release|Any CPU.Build.0 = Release|Any CPU
		{83049EF4-439B-476F-9FDB-5314375FE5DF}.Debug|Any CPU.ActiveCfg = Debug|Any CPU
		{83049EF4-439B-476F-9FDB-5314375FE5DF}.Debug|Any CPU.Build.0 = Debug|Any CPU
		{83049EF4-439B-476F-9FDB-5314375FE5DF}.Release|Any CPU.ActiveCfg = Release|Any CPU
		{83049EF4-439B-476F-9FDB-5314375FE5DF}.Release|Any CPU.Build.0 = Release|Any CPU
		{45E9E2AC-762F-462D-9B60-670345D75FDF}.Debug|Any CPU.ActiveCfg = Debug|Any CPU
		{45E9E2AC-762F-462D-9B60-670345D75FDF}.Debug|Any CPU.Build.0 = Debug|Any CPU
		{45E9E2AC-762F-462D-9B60-670345D75FDF}.Release|Any CPU.ActiveCfg = Release|Any CPU
		{45E9E2AC-762F-462D-9B60-670345D75FDF}.Release|Any CPU.Build.0 = Release|Any CPU
		{BE4E5E08-079A-4690-AF3C-5113D388AE92}.Debug|Any CPU.ActiveCfg = Debug|Any CPU
		{BE4E5E08-079A-4690-AF3C-5113D388AE92}.Debug|Any CPU.Build.0 = Debug|Any CPU
		{BE4E5E08-079A-4690-AF3C-5113D388AE92}.Release|Any CPU.ActiveCfg = Release|Any CPU
		{BE4E5E08-079A-4690-AF3C-5113D388AE92}.Release|Any CPU.Build.0 = Release|Any CPU
		{FAE48B74-3C6A-462F-9053-1A65FD363EC8}.Debug|Any CPU.ActiveCfg = Debug|Any CPU
		{FAE48B74-3C6A-462F-9053-1A65FD363EC8}.Debug|Any CPU.Build.0 = Debug|Any CPU
		{FAE48B74-3C6A-462F-9053-1A65FD363EC8}.Release|Any CPU.ActiveCfg = Release|Any CPU
		{FAE48B74-3C6A-462F-9053-1A65FD363EC8}.Release|Any CPU.Build.0 = Release|Any CPU
		{C78C9572-F085-419B-BFE8-FEDE7797DACC}.Debug|Any CPU.ActiveCfg = Debug|Any CPU
		{C78C9572-F085-419B-BFE8-FEDE7797DACC}.Debug|Any CPU.Build.0 = Debug|Any CPU
		{C78C9572-F085-419B-BFE8-FEDE7797DACC}.Release|Any CPU.ActiveCfg = Release|Any CPU
		{C78C9572-F085-419B-BFE8-FEDE7797DACC}.Release|Any CPU.Build.0 = Release|Any CPU
		{30DD12DC-9328-40A7-9B04-9E38B724B47E}.Debug|Any CPU.ActiveCfg = Debug|Any CPU
		{30DD12DC-9328-40A7-9B04-9E38B724B47E}.Debug|Any CPU.Build.0 = Debug|Any CPU
		{30DD12DC-9328-40A7-9B04-9E38B724B47E}.Release|Any CPU.ActiveCfg = Release|Any CPU
		{30DD12DC-9328-40A7-9B04-9E38B724B47E}.Release|Any CPU.Build.0 = Release|Any CPU
	EndGlobalSection
	GlobalSection(SolutionProperties) = preSolution
		HideSolutionNode = FALSE
	EndGlobalSection
	GlobalSection(NestedProjects) = preSolution
		{4DB6F374-1782-471A-A29F-5F3086535D37} = {1E7D9B7B-473F-4F75-B3A7-3D474A78FAE2}
		{B486453F-B336-4FC8-A9D5-4C8A443FC5E2} = {1E7D9B7B-473F-4F75-B3A7-3D474A78FAE2}
		{F39DF76A-437A-422E-99C6-F29D21057027} = {B486453F-B336-4FC8-A9D5-4C8A443FC5E2}
		{60E72E0A-D465-4C9B-B12D-BE0550CB2B21} = {B486453F-B336-4FC8-A9D5-4C8A443FC5E2}
		{FB40E5A5-0753-444D-85BD-60767B2E8638} = {B486453F-B336-4FC8-A9D5-4C8A443FC5E2}
		{27C59B4A-72D8-455F-B0FC-EFB3414439F7} = {B486453F-B336-4FC8-A9D5-4C8A443FC5E2}
		{2D7E5581-67C4-4FB1-AAB0-1CD0E69A74D3} = {1E7D9B7B-473F-4F75-B3A7-3D474A78FAE2}
		{D7132B16-B094-4742-9EE0-ACDC4AFD6AA5} = {1E7D9B7B-473F-4F75-B3A7-3D474A78FAE2}
		{8AA12B02-DE5C-4069-B914-734C81ECE993} = {D7132B16-B094-4742-9EE0-ACDC4AFD6AA5}
		{3B92EDD7-1467-428A-8F29-2E64CB495879} = {D7132B16-B094-4742-9EE0-ACDC4AFD6AA5}
		{A43338FE-AA4D-4086-BF01-0E7216B175F5} = {D7132B16-B094-4742-9EE0-ACDC4AFD6AA5}
		{90EE5F51-5329-44A7-8C4C-5737E1B64DF5} = {D7132B16-B094-4742-9EE0-ACDC4AFD6AA5}
		{A4981F0A-9D63-4761-97C4-B8F78CE2A1C6} = {2D7E5581-67C4-4FB1-AAB0-1CD0E69A74D3}
		{BFF64348-BB36-4E2A-B19E-77D33F76D3EF} = {2D7E5581-67C4-4FB1-AAB0-1CD0E69A74D3}
		{83049EF4-439B-476F-9FDB-5314375FE5DF} = {2D7E5581-67C4-4FB1-AAB0-1CD0E69A74D3}
		{45E9E2AC-762F-462D-9B60-670345D75FDF} = {2D7E5581-67C4-4FB1-AAB0-1CD0E69A74D3}
		{BE4E5E08-079A-4690-AF3C-5113D388AE92} = {4DB6F374-1782-471A-A29F-5F3086535D37}
		{FAE48B74-3C6A-462F-9053-1A65FD363EC8} = {4DB6F374-1782-471A-A29F-5F3086535D37}
		{C78C9572-F085-419B-BFE8-FEDE7797DACC} = {4DB6F374-1782-471A-A29F-5F3086535D37}
		{30DD12DC-9328-40A7-9B04-9E38B724B47E} = {4DB6F374-1782-471A-A29F-5F3086535D37}
	EndGlobalSection
	GlobalSection(ExtensibilityGlobals) = postSolution
		SolutionGuid = {1EDA69AE-786E-4550-81B0-8A9CB954D5EA}
	EndGlobalSection
EndGlobal
